// !$*UTF8*$!
{
	archiveVersion = 1;
	classes = {
	};
	objectVersion = 77;
	objects = {

/* Begin PBXBuildFile section */
		38131100302AE10900286EBC /* LICENSE in Resources */ = {isa = PBXBuildFile; fileRef = 38131101302AE10900286EBC /* LICENSE */; };
/* End PBXBuildFile section */

/* Begin PBXContainerItemProxy section */
		38131004302AE10900286EBC /* PBXContainerItemProxy */ = {
			isa = PBXContainerItemProxy;
			containerPortal = 38130FEE302AE10800286EBC /* Project object */;
			proxyType = 1;
			remoteGlobalIDString = 38130FF5302AE10800286EBC;
			remoteInfo = Notchline;
		};
		3813100E302AE10900286EBC /* PBXContainerItemProxy */ = {
			isa = PBXContainerItemProxy;
			containerPortal = 38130FEE302AE10800286EBC /* Project object */;
			proxyType = 1;
			remoteGlobalIDString = 38130FF5302AE10800286EBC;
			remoteInfo = Notchline;
		};
/* End PBXContainerItemProxy section */

/* Begin PBXFileReference section */
		38130FF6302AE10800286EBC /* Notchline.app */ = {isa = PBXFileReference; explicitFileType = wrapper.application; includeInIndex = 0; path = Notchline.app; sourceTree = BUILT_PRODUCTS_DIR; };
		38131003302AE10900286EBC /* NotchlineTests.xctest */ = {isa = PBXFileReference; explicitFileType = wrapper.cfbundle; includeInIndex = 0; path = NotchlineTests.xctest; sourceTree = BUILT_PRODUCTS_DIR; };
		3813100D302AE10900286EBC /* NotchlineUITests.xctest */ = {isa = PBXFileReference; explicitFileType = wrapper.cfbundle; includeInIndex = 0; path = NotchlineUITests.xctest; sourceTree = BUILT_PRODUCTS_DIR; };
		38131101302AE10900286EBC /* LICENSE */ = {isa = PBXFileReference; lastKnownFileType = text; name = LICENSE; path = ../LICENSE; sourceTree = "<group>"; };
/* End PBXFileReference section */

/* Begin PBXFileSystemSynchronizedRootGroup section */
		38130FF8302AE10800286EBC /* Notchline */ = {
			isa = PBXFileSystemSynchronizedRootGroup;
			path = Notchline;
			sourceTree = "<group>";
		};
		38131006302AE10900286EBC /* NotchlineTests */ = {
			isa = PBXFileSystemSynchronizedRootGroup;
			path = NotchlineTests;
			sourceTree = "<group>";
		};
		38131010302AE10900286EBC /* NotchlineUITests */ = {
			isa = PBXFileSystemSynchronizedRootGroup;
			path = NotchlineUITests;
			sourceTree = "<group>";
		};
/* End PBXFileSystemSynchronizedRootGroup section */

/* Begin PBXFrameworksBuildPhase section */
		38130FF3302AE10800286EBC /* Frameworks */ = {
			isa = PBXFrameworksBuildPhase;
			buildActionMask = 2147483647;
			files = (
			);
			runOnlyForDeploymentPostprocessing = 0;
		};
		38131000302AE10900286EBC /* Frameworks */ = {
			isa = PBXFrameworksBuildPhase;
			buildActionMask = 2147483647;
			files = (
			);
			runOnlyForDeploymentPostprocessing = 0;
		};
		3813100A302AE10900286EBC /* Frameworks */ = {
			isa = PBXFrameworksBuildPhase;
			buildActionMask = 2147483647;
			files = (
			);
			runOnlyForDeploymentPostprocessing = 0;
		};
/* End PBXFrameworksBuildPhase section */

/* Begin PBXGroup section */
		38130FED302AE10800286EBC = {
			isa = PBXGroup;
			children = (
				38131101302AE10900286EBC /* LICENSE */,
				38130FF8302AE10800286EBC /* Notchline */,
				38131006302AE10900286EBC /* NotchlineTests */,
				38131010302AE10900286EBC /* NotchlineUITests */,
				38130FF7302AE10800286EBC /* Products */,
			);
			sourceTree = "<group>";
		};
		38130FF7302AE10800286EBC /* Products */ = {
			isa = PBXGroup;
			children = (
				38130FF6302AE10800286EBC /* Notchline.app */,
				38131003302AE10900286EBC /* NotchlineTests.xctest */,
				3813100D302AE10900286EBC /* NotchlineUITests.xctest */,
			);
			name = Products;
			sourceTree = "<group>";
		};
/* End PBXGroup section */

/* Begin PBXNativeTarget section */
		38130FF5302AE10800286EBC /* Notchline */ = {
			isa = PBXNativeTarget;
			buildConfigurationList = 38131017302AE10900286EBC /* Build configuration list for PBXNativeTarget "Notchline" */;
			buildPhases = (
				38130FF2302AE10800286EBC /* Sources */,
				38130FF3302AE10800286EBC /* Frameworks */,
				38130FF4302AE10800286EBC /* Resources */,
			);
			buildRules = (
			);
			dependencies = (
			);
			fileSystemSynchronizedGroups = (
				38130FF8302AE10800286EBC /* Notchline */,
			);
			name = Notchline;
			packageProductDependencies = (
			);
			productName = Notchline;
			productReference = 38130FF6302AE10800286EBC /* Notchline.app */;
			productType = "com.apple.product-type.application";
		};
		38131002302AE10900286EBC /* NotchlineTests */ = {
			isa = PBXNativeTarget;
			buildConfigurationList = 3813101A302AE10900286EBC /* Build configuration list for PBXNativeTarget "NotchlineTests" */;
			buildPhases = (
				38130FFF302AE10900286EBC /* Sources */,
				38131000302AE10900286EBC /* Frameworks */,
				38131001302AE10900286EBC /* Resources */,
			);
			buildRules = (
			);
			dependencies = (
				38131005302AE10900286EBC /* PBXTargetDependency */,
			);
			fileSystemSynchronizedGroups = (
				38131006302AE10900286EBC /* NotchlineTests */,
			);
			name = NotchlineTests;
			packageProductDependencies = (
			);
			productName = NotchlineTests;
			productReference = 38131003302AE10900286EBC /* NotchlineTests.xctest */;
			productType = "com.apple.product-type.bundle.unit-test";
		};
		3813100C302AE10900286EBC /* NotchlineUITests */ = {
			isa = PBXNativeTarget;
			buildConfigurationList = 3813101D302AE10900286EBC /* Build configuration list for PBXNativeTarget "NotchlineUITests" */;
			buildPhases = (
				38131009302AE10900286EBC /* Sources */,
				3813100A302AE10900286EBC /* Frameworks */,
				3813100B302AE10900286EBC /* Resources */,
			);
			buildRules = (
			);
			dependencies = (
				3813100F302AE10900286EBC /* PBXTargetDependency */,
			);
			fileSystemSynchronizedGroups = (
				38131010302AE10900286EBC /* NotchlineUITests */,
			);
			name = NotchlineUITests;
			packageProductDependencies = (
			);
			productName = NotchlineUITests;
			productReference = 3813100D302AE10900286EBC /* NotchlineUITests.xctest */;
			productType = "com.apple.product-type.bundle.ui-testing";
		};
/* End PBXNativeTarget section */

/* Begin PBXProject section */
		38130FEE302AE10800286EBC /* Project object */ = {
			isa = PBXProject;
			attributes = {
				BuildIndependentTargetsInParallel = 1;
				LastSwiftUpdateCheck = 2660;
				LastUpgradeCheck = 2660;
				TargetAttributes = {
					38130FF5302AE10800286EBC = {
						CreatedOnToolsVersion = 26.6;
					};
					38131002302AE10900286EBC = {
						CreatedOnToolsVersion = 26.6;
						TestTargetID = 38130FF5302AE10800286EBC;
					};
					3813100C302AE10900286EBC = {
						CreatedOnToolsVersion = 26.6;
						TestTargetID = 38130FF5302AE10800286EBC;
					};
				};
			};
			buildConfigurationList = 38130FF1302AE10800286EBC /* Build configuration list for PBXProject "Notchline" */;
			developmentRegion = en;
			hasScannedForEncodings = 0;
			knownRegions = (
				en,
				Base,
			);
			mainGroup = 38130FED302AE10800286EBC;
			minimizedProjectReferenceProxies = 1;
			preferredProjectObjectVersion = 77;
			productRefGroup = 38130FF7302AE10800286EBC /* Products */;
			projectDirPath = "";
			projectRoot = "";
			targets = (
				38130FF5302AE10800286EBC /* Notchline */,
				38131002302AE10900286EBC /* NotchlineTests */,
				3813100C302AE10900286EBC /* NotchlineUITests */,
			);
		};
/* End PBXProject section */

/* Begin PBXResourcesBuildPhase section */
		38130FF4302AE10800286EBC /* Resources */ = {
			isa = PBXResourcesBuildPhase;
			buildActionMask = 2147483647;
			files = (
				38131100302AE10900286EBC /* LICENSE in Resources */,
			);
			runOnlyForDeploymentPostprocessing = 0;
		};
		38131001302AE10900286EBC /* Resources */ = {
			isa = PBXResourcesBuildPhase;
			buildActionMask = 2147483647;
			files = (
			);
			runOnlyForDeploymentPostprocessing = 0;
		};
		3813100B302AE10900286EBC /* Resources */ = {
			isa = PBXResourcesBuildPhase;
			buildActionMask = 2147483647;
			files = (
			);
			runOnlyForDeploymentPostprocessing = 0;
		};
/* End PBXResourcesBuildPhase section */

/* Begin PBXSourcesBuildPhase section */
		38130FF2302AE10800286EBC /* Sources */ = {
			isa = PBXSourcesBuildPhase;
			buildActionMask = 2147483647;
			files = (
			);
			runOnlyForDeploymentPostprocessing = 0;
		};
		38130FFF302AE10900286EBC /* Sources */ = {
			isa = PBXSourcesBuildPhase;
			buildActionMask = 2147483647;
			files = (
			);
			runOnlyForDeploymentPostprocessing = 0;
		};
		38131009302AE10900286EBC /* Sources */ = {
			isa = PBXSourcesBuildPhase;
			buildActionMask = 2147483647;
			files = (
			);
			runOnlyForDeploymentPostprocessing = 0;
		};
/* End PBXSourcesBuildPhase section */

/* Begin PBXTargetDependency section */
		38131005302AE10900286EBC /* PBXTargetDependency */ = {
			isa = PBXTargetDependency;
			target = 38130FF5302AE10800286EBC /* Notchline */;
			targetProxy = 38131004302AE10900286EBC /* PBXContainerItemProxy */;
		};
		3813100F302AE10900286EBC /* PBXTargetDependency */ = {
			isa = PBXTargetDependency;
			target = 38130FF5302AE10800286EBC /* Notchline */;
			targetProxy = 3813100E302AE10900286EBC /* PBXContainerItemProxy */;
		};
/* End PBXTargetDependency section */

/* Begin XCBuildConfiguration section */
		38131015302AE10900286EBC /* Debug */ = {
			isa = XCBuildConfiguration;
			buildSettings = {
				ALWAYS_SEARCH_USER_PATHS = NO;
				ASSETCATALOG_COMPILER_GENERATE_SWIFT_ASSET_SYMBOL_EXTENSIONS = YES;
				CLANG_ANALYZER_NONNULL = YES;
				CLANG_ANALYZER_NUMBER_OBJECT_CONVERSION = YES_AGGRESSIVE;
				CLANG_CXX_LANGUAGE_STANDARD = "gnu++20";
				CLANG_ENABLE_MODULES = YES;
				CLANG_ENABLE_OBJC_ARC = YES;
				CLANG_ENABLE_OBJC_WEAK = YES;
				CLANG_WARN_BLOCK_CAPTURE_AUTORELEASING = YES;
				CLANG_WARN_BOOL_CONVERSION = YES;
				CLANG_WARN_COMMA = YES;
				CLANG_WARN_CONSTANT_CONVERSION = YES;
				CLANG_WARN_DEPRECATED_OBJC_IMPLEMENTATIONS = YES;
				CLANG_WARN_DIRECT_OBJC_ISA_USAGE = YES_ERROR;
				CLANG_WARN_DOCUMENTATION_COMMENTS = YES;
				CLANG_WARN_EMPTY_BODY = YES;
				CLANG_WARN_ENUM_CONVERSION = YES;
				CLANG_WARN_INFINITE_RECURSION = YES;
				CLANG_WARN_INT_CONVERSION = YES;
				CLANG_WARN_NON_LITERAL_NULL_CONVERSION = YES;
				CLANG_WARN_OBJC_IMPLICIT_RETAIN_SELF = YES;
				CLANG_WARN_OBJC_LITERAL_CONVERSION = YES;
				CLANG_WARN_OBJC_ROOT_CLASS = YES_ERROR;
				CLANG_WARN_QUOTED_INCLUDE_IN_FRAMEWORK_HEADER = YES;
				CLANG_WARN_RANGE_LOOP_ANALYSIS = YES;
				CLANG_WARN_STRICT_PROTOTYPES = YES;
				CLANG_WARN_SUSPICIOUS_MOVE = YES;
				CLANG_WARN_UNGUARDED_AVAILABILITY = YES_AGGRESSIVE;
				CLANG_WARN_UNREACHABLE_CODE = YES;
				CLANG_WARN__DUPLICATE_METHOD_MATCH = YES;
				COPY_PHASE_STRIP = NO;
				DEBUG_INFORMATION_FORMAT = dwarf;
				ENABLE_STRICT_OBJC_MSGSEND = YES;
				ENABLE_TESTABILITY = YES;
				ENABLE_USER_SCRIPT_SANDBOXING = YES;
				GCC_C_LANGUAGE_STANDARD = gnu17;
				GCC_DYNAMIC_NO_PIC = NO;
				GCC_NO_COMMON_BLOCKS = YES;
				GCC_OPTIMIZATION_LEVEL = 0;
				GCC_PREPROCESSOR_DEFINITIONS = (
					"DEBUG=1",
					"$(inherited)",
				);
				GCC_WARN_64_TO_32_BIT_CONVERSION = YES;
				GCC_WARN_ABOUT_RETURN_TYPE = YES_ERROR;
				GCC_WARN_UNDECLARED_SELECTOR = YES;
				GCC_WARN_UNINITIALIZED_AUTOS = YES_AGGRESSIVE;
				GCC_WARN_UNUSED_FUNCTION = YES;
				GCC_WARN_UNUSED_VARIABLE = YES;
				LOCALIZATION_PREFERS_STRING_CATALOGS = YES;
				MACOSX_DEPLOYMENT_TARGET = 26.5;
				MTL_ENABLE_DEBUG_INFO = INCLUDE_SOURCE;
				MTL_FAST_MATH = YES;
				ONLY_ACTIVE_ARCH = YES;
				SDKROOT = macosx;
				SWIFT_ACTIVE_COMPILATION_CONDITIONS = "DEBUG $(inherited)";
				SWIFT_OPTIMIZATION_LEVEL = "-Onone";
			};
			name = Debug;
		};
		38131016302AE10900286EBC /* Release */ = {
			isa = XCBuildConfiguration;
			buildSettings = {
				ALWAYS_SEARCH_USER_PATHS = NO;
				ASSETCATALOG_COMPILER_GENERATE_SWIFT_ASSET_SYMBOL_EXTENSIONS = YES;
				CLANG_ANALYZER_NONNULL = YES;
				CLANG_ANALYZER_NUMBER_OBJECT_CONVERSION = YES_AGGRESSIVE;
				CLANG_CXX_LANGUAGE_STANDARD = "gnu++20";
				CLANG_ENABLE_MODULES = YES;
				CLANG_ENABLE_OBJC_ARC = YES;
				CLANG_ENABLE_OBJC_WEAK = YES;
				CLANG_WARN_BLOCK_CAPTURE_AUTORELEASING = YES;
				CLANG_WARN_BOOL_CONVERSION = YES;
				CLANG_WARN_COMMA = YES;
				CLANG_WARN_CONSTANT_CONVERSION = YES;
				CLANG_WARN_DEPRECATED_OBJC_IMPLEMENTATIONS = YES;
				CLANG_WARN_DIRECT_OBJC_ISA_USAGE = YES_ERROR;
				CLANG_WARN_DOCUMENTATION_COMMENTS = YES;
				CLANG_WARN_EMPTY_BODY = YES;
				CLANG_WARN_ENUM_CONVERSION = YES;
				CLANG_WARN_INFINITE_RECURSION = YES;
				CLANG_WARN_INT_CONVERSION = YES;
				CLANG_WARN_NON_LITERAL_NULL_CONVERSION = YES;
				CLANG_WARN_OBJC_IMPLICIT_RETAIN_SELF = YES;
				CLANG_WARN_OBJC_LITERAL_CONVERSION = YES;
				CLANG_WARN_OBJC_ROOT_CLASS = YES_ERROR;
				CLANG_WARN_QUOTED_INCLUDE_IN_FRAMEWORK_HEADER = YES;
				CLANG_WARN_RANGE_LOOP_ANALYSIS = YES;
				CLANG_WARN_STRICT_PROTOTYPES = YES;
				CLANG_WARN_SUSPICIOUS_MOVE = YES;
				CLANG_WARN_UNGUARDED_AVAILABILITY = YES_AGGRESSIVE;
				CLANG_WARN_UNREACHABLE_CODE = YES;
				CLANG_WARN__DUPLICATE_METHOD_MATCH = YES;
				COPY_PHASE_STRIP = NO;
				DEBUG_INFORMATION_FORMAT = "dwarf-with-dsym";
				ENABLE_NS_ASSERTIONS = NO;
				ENABLE_STRICT_OBJC_MSGSEND = YES;
				ENABLE_USER_SCRIPT_SANDBOXING = YES;
				GCC_C_LANGUAGE_STANDARD = gnu17;
				GCC_NO_COMMON_BLOCKS = YES;
				GCC_WARN_64_TO_32_BIT_CONVERSION = YES;
				GCC_WARN_ABOUT_RETURN_TYPE = YES_ERROR;
				GCC_WARN_UNDECLARED_SELECTOR = YES;
				GCC_WARN_UNINITIALIZED_AUTOS = YES_AGGRESSIVE;
				GCC_WARN_UNUSED_FUNCTION = YES;
				GCC_WARN_UNUSED_VARIABLE = YES;
				LOCALIZATION_PREFERS_STRING_CATALOGS = YES;
				MACOSX_DEPLOYMENT_TARGET = 26.5;
				MTL_ENABLE_DEBUG_INFO = NO;
				MTL_FAST_MATH = YES;
				SDKROOT = macosx;
				SWIFT_COMPILATION_MODE = wholemodule;
			};
			name = Release;
		};
		38131018302AE10900286EBC /* Debug */ = {
			isa = XCBuildConfiguration;
			buildSettings = {
				ASSETCATALOG_COMPILER_APPICON_NAME = AppIcon;
				ASSETCATALOG_COMPILER_GLOBAL_ACCENT_COLOR_NAME = AccentColor;
				CODE_SIGN_STYLE = Automatic;
				COMBINE_HIDPI_IMAGES = YES;
				CURRENT_PROJECT_VERSION = 15;
				ENABLE_APP_SANDBOX = NO;
				ENABLE_PREVIEWS = YES;
				ENABLE_USER_SELECTED_FILES = readonly;
				GENERATE_INFOPLIST_FILE = YES;
				INFOPLIST_KEY_CFBundleDisplayName = Notchline;
				INFOPLIST_KEY_CFBundleName = Notchline;
				INFOPLIST_KEY_LSUIElement = YES;
				INFOPLIST_KEY_NSAppleEventsUsageDescription = "Notchline uses this to bring the terminal tab running a Claude Code session to the front when you click its row.";
				INFOPLIST_KEY_NSHumanReadableCopyright = "Copyright © 2026 Yinfeng Lu. Licensed under GPL-3.0-or-later, without warranty.";
				LD_RUNPATH_SEARCH_PATHS = (
					"$(inherited)",
					"@executable_path/../Frameworks",
				);
				MARKETING_VERSION = 0.4.2;
				PRODUCT_BUNDLE_IDENTIFIER = com.yinfenglu.Notchline;
				PRODUCT_NAME = "$(TARGET_NAME)";
				REGISTER_APP_GROUPS = YES;
				STRING_CATALOG_GENERATE_SYMBOLS = YES;
				SWIFT_APPROACHABLE_CONCURRENCY = YES;
				SWIFT_DEFAULT_ACTOR_ISOLATION = MainActor;
				SWIFT_EMIT_LOC_STRINGS = YES;
				SWIFT_UPCOMING_FEATURE_MEMBER_IMPORT_VISIBILITY = YES;
				SWIFT_VERSION = 5.0;
			};
			name = Debug;
		};
		38131019302AE10900286EBC /* Release */ = {
			isa = XCBuildConfiguration;
			buildSettings = {
				ASSETCATALOG_COMPILER_APPICON_NAME = AppIcon;
				ASSETCATALOG_COMPILER_GLOBAL_ACCENT_COLOR_NAME = AccentColor;
				CODE_SIGN_STYLE = Automatic;
				COMBINE_HIDPI_IMAGES = YES;
				CURRENT_PROJECT_VERSION = 15;
				ENABLE_APP_SANDBOX = NO;
				ENABLE_PREVIEWS = YES;
				ENABLE_USER_SELECTED_FILES = readonly;
				GENERATE_INFOPLIST_FILE = YES;
				INFOPLIST_KEY_CFBundleDisplayName = Notchline;
				INFOPLIST_KEY_CFBundleName = Notchline;
				INFOPLIST_KEY_LSUIElement = YES;
				INFOPLIST_KEY_NSAppleEventsUsageDescription = "Notchline uses this to bring the terminal tab running a Claude Code session to the front when you click its row.";
				INFOPLIST_KEY_NSHumanReadableCopyright = "Copyright © 2026 Yinfeng Lu. Licensed under GPL-3.0-or-later, without warranty.";
				LD_RUNPATH_SEARCH_PATHS = (
					"$(inherited)",
					"@executable_path/../Frameworks",
				);
				MARKETING_VERSION = 0.4.2;
				PRODUCT_BUNDLE_IDENTIFIER = com.yinfenglu.Notchline;
				PRODUCT_NAME = "$(TARGET_NAME)";
				REGISTER_APP_GROUPS = YES;
				STRING_CATALOG_GENERATE_SYMBOLS = YES;
				SWIFT_APPROACHABLE_CONCURRENCY = YES;
				SWIFT_DEFAULT_ACTOR_ISOLATION = MainActor;
				SWIFT_EMIT_LOC_STRINGS = YES;
				SWIFT_UPCOMING_FEATURE_MEMBER_IMPORT_VISIBILITY = YES;
				SWIFT_VERSION = 5.0;
			};
			name = Release;
		};
		3813101B302AE10900286EBC /* Debug */ = {
			isa = XCBuildConfiguration;
			buildSettings = {
				BUNDLE_LOADER = "$(TEST_HOST)";
				CODE_SIGN_STYLE = Automatic;
				CURRENT_PROJECT_VERSION = 15;
				GENERATE_INFOPLIST_FILE = YES;
				MACOSX_DEPLOYMENT_TARGET = 26.5;
				MARKETING_VERSION = 0.4.2;
				PRODUCT_BUNDLE_IDENTIFIER = com.yinfenglu.NotchlineTests;
				PRODUCT_NAME = "$(TARGET_NAME)";
				STRING_CATALOG_GENERATE_SYMBOLS = NO;
				SWIFT_APPROACHABLE_CONCURRENCY = YES;
				SWIFT_EMIT_LOC_STRINGS = NO;
				SWIFT_UPCOMING_FEATURE_MEMBER_IMPORT_VISIBILITY = YES;
				SWIFT_VERSION = 5.0;
				TEST_HOST = "$(BUILT_PRODUCTS_DIR)/Notchline.app/$(BUNDLE_EXECUTABLE_FOLDER_PATH)/Notchline";
			};
			name = Debug;
		};
		3813101C302AE10900286EBC /* Release */ = {
			isa = XCBuildConfiguration;
			buildSettings = {
				BUNDLE_LOADER = "$(TEST_HOST)";
				CODE_SIGN_STYLE = Automatic;
				CURRENT_PROJECT_VERSION = 15;
				GENERATE_INFOPLIST_FILE = YES;
				MACOSX_DEPLOYMENT_TARGET = 26.5;
				MARKETING_VERSION = 0.4.2;
				PRODUCT_BUNDLE_IDENTIFIER = com.yinfenglu.NotchlineTests;
				PRODUCT_NAME = "$(TARGET_NAME)";
				STRING_CATALOG_GENERATE_SYMBOLS = NO;
				SWIFT_APPROACHABLE_CONCURRENCY = YES;
				SWIFT_EMIT_LOC_STRINGS = NO;
				SWIFT_UPCOMING_FEATURE_MEMBER_IMPORT_VISIBILITY = YES;
				SWIFT_VERSION = 5.0;
				TEST_HOST = "$(BUILT_PRODUCTS_DIR)/Notchline.app/$(BUNDLE_EXECUTABLE_FOLDER_PATH)/Notchline";
			};
			name = Release;
		};
		3813101E302AE10900286EBC /* Debug */ = {
			isa = XCBuildConfiguration;
			buildSettings = {
				CODE_SIGN_STYLE = Automatic;
				CURRENT_PROJECT_VERSION = 15;
				GENERATE_INFOPLIST_FILE = YES;
				MARKETING_VERSION = 0.4.2;
				PRODUCT_BUNDLE_IDENTIFIER = com.yinfenglu.NotchlineUITests;
				PRODUCT_NAME = "$(TARGET_NAME)";
				STRING_CATALOG_GENERATE_SYMBOLS = NO;
				SWIFT_APPROACHABLE_CONCURRENCY = YES;
				SWIFT_EMIT_LOC_STRINGS = NO;
				SWIFT_UPCOMING_FEATURE_MEMBER_IMPORT_VISIBILITY = YES;
				SWIFT_VERSION = 5.0;
				TEST_TARGET_NAME = Notchline;
			};
			name = Debug;
		};
		3813101F302AE10900286EBC /* Release */ = {
			isa = XCBuildConfiguration;
			buildSettings = {
				CODE_SIGN_STYLE = Automatic;
				CURRENT_PROJECT_VERSION = 15;
				GENERATE_INFOPLIST_FILE = YES;
				MARKETING_VERSION = 0.4.2;
				PRODUCT_BUNDLE_IDENTIFIER = com.yinfenglu.NotchlineUITests;
				PRODUCT_NAME = "$(TARGET_NAME)";
				STRING_CATALOG_GENERATE_SYMBOLS = NO;
				SWIFT_APPROACHABLE_CONCURRENCY = YES;
				SWIFT_EMIT_LOC_STRINGS = NO;
				SWIFT_UPCOMING_FEATURE_MEMBER_IMPORT_VISIBILITY = YES;
				SWIFT_VERSION = 5.0;
				TEST_TARGET_NAME = Notchline;
			};
			name = Release;
		};
/* End XCBuildConfiguration section */

/* Begin XCConfigurationList section */
		38130FF1302AE10800286EBC /* Build configuration list for PBXProject "Notchline" */ = {
			isa = XCConfigurationList;
			buildConfigurations = (
				38131015302AE10900286EBC /* Debug */,
				38131016302AE10900286EBC /* Release */,
			);
			defaultConfigurationIsVisible = 0;
			defaultConfigurationName = Release;
		};
		38131017302AE10900286EBC /* Build configuration list for PBXNativeTarget "Notchline" */ = {
			isa = XCConfigurationList;
			buildConfigurations = (
				38131018302AE10900286EBC /* Debug */,
				38131019302AE10900286EBC /* Release */,
			);
			defaultConfigurationIsVisible = 0;
			defaultConfigurationName = Release;
		};
		3813101A302AE10900286EBC /* Build configuration list for PBXNativeTarget "NotchlineTests" */ = {
			isa = XCConfigurationList;
			buildConfigurations = (
				3813101B302AE10900286EBC /* Debug */,
				3813101C302AE10900286EBC /* Release */,
			);
			defaultConfigurationIsVisible = 0;
			defaultConfigurationName = Release;
		};
		3813101D302AE10900286EBC /* Build configuration list for PBXNativeTarget "NotchlineUITests" */ = {
			isa = XCConfigurationList;
			buildConfigurations = (
				3813101E302AE10900286EBC /* Debug */,
				3813101F302AE10900286EBC /* Release */,
			);
			defaultConfigurationIsVisible = 0;
			defaultConfigurationName = Release;
		};
/* End XCConfigurationList section */
	};
	rootObject = 38130FEE302AE10800286EBC /* Project object */;
}
